{
  "lockfileVersion": 1,
  "workspaces": {
    "": {
      "name": "autostart-memu",
      "dependencies": {
        "sudo-prompt": "^9.2.1",
        "winreg": "^1.2.5",
      },
      "devDependencies": {
        "@types/node": "^22.5.4",
        "@types/winreg": "^1.2.36",
      },
    },
  },
  "packages": {
    "@types/node": ["@types/node@22.5.4", "", { "dependencies": { "undici-types": "~6.19.2" } }, "sha512-FDuKUJQm/ju9fT/SeX/6+gBzoPzlVCzfzmGkwKvRHQVxi4BntVbyIwf6a4Xn62mrvndLiml6z/UBXIdEVjQLXg=="],

    "@types/winreg": ["@types/winreg@1.2.36", "", {}, "sha512-DtafHy5A8hbaosXrbr7YdjQZaqVewXmiasRS5J4tYMzt3s1gkh40ixpxgVFfKiQ0JIYetTJABat47v9cpr/sQg=="],

    "sudo-prompt": ["sudo-prompt@9.2.1", "", {}, "sha512-Mu7R0g4ig9TUuGSxJavny5Rv0egCEtpZRNMrZaYS1vxkiIxGiGUwoezU3LazIQ+KE04hTrTfNPgxU5gzi7F5Pw=="],

    "undici-types": ["undici-types@6.19.8", "", {}, "sha512-ve2KP6f/JnbPBFyobGHuerC9g1FYGn/F8n1LWTwNxCEzd6IfqTwUQcNXgEtmmQ6DlRrC1hrSrBnCZPokRrDHjw=="],

    "winreg": ["winreg@1.2.5", "", {}, "sha512-uf7tHf+tw0B1y+x+mKTLHkykBgK2KMs3g+KlzmyMbLvICSHQyB/xOFjTT8qZ3oeTFyU7Bbj4FzXitGG6jvKhYw=="],
  }
}
